#include <iostream>
#include <fstream>
#include <random> //allows me to use the random number generator

using namespace std;

int main()
{
	ifstream input;
	ofstream output;

	//open both input and output files
	input.open("input.txt");
	output.open("output.txt");

	int operation;
	int seed;
	char ch;
	
	// prompts user for operation
	cout << "Select operation (0 = none, 1 = encrypt, 2 = decrypt): " << endl;
	cin >> operation; // stores the users input into the 'operation' variable
	cout << "Enter the key: " << endl;
	cin >> seed; // stores the encrypt/decrypt key into the 'seed' variable

    // define random generator
	default_random_engine generator(seed);
	uniform_int_distribution<int> distribution(0, 127);

	int randomNumber;
	
	//check for proper copy and paste from input file to output file
	if (operation == 0) {
		
		ch = input.get(); //Read char from input file

		// loop that gets each individual character from the input file and places it in the output file
		// loop continues until the last character of the in
		while (!input.eof()) {

			output.put(ch);
			ch = input.get();

		}
	}

		//encrypt input file to the output file
	else if (operation == 1) { 
		

		ch = input.get(); //

		// this loops gets each indiv character and assigns a random number
		while (!input.eof()) {

			randomNumber = distribution(generator);
			//generates random number for each character
			ch = (ch + randomNumber) % 128;
			output.put(ch); // print to output file
			ch = input.get();
		

		}
	}

	//decrypt input file to the output file
	else if (operation == 2) {

		ch = input.get();
		while (!input.eof()) {
			randomNumber = distribution(generator);
			//generates random number for each character
			ch = (ch + 128 - randomNumber) % 128;

			output.put(ch); //print to output file
			ch = input.get();

		}
	}

	//close both files
	input.close();
	output.close();

	return (0);
}
